Microsoft Visual Studio Solution File, Format Version 11.00
# Visual Studio 2008

Project("{3D8761B2-B617-5571-E88F-5811592F34C6}") = "GearGolf_Final", "Assembly-CSharp-firstpass.csproj", "{A3E56CCC-DDC6-FF41-AF8B-AC63080B6032}"
EndProject
Project("{3D8761B2-B617-5571-E88F-5811592F34C6}") = "GearGolf_Final", "Assembly-CSharp.csproj", "{ECDF1EC5-E515-79F1-2EC0-BA15CD5A5843}"
EndProject
Project("{3D8761B2-B617-5571-E88F-5811592F34C6}") = "GearGolf_Final", "Assembly-CSharp-Editor.csproj", "{96233ABA-217B-89E8-038B-D0A5B6FC917F}"
EndProject
Project("{3D8761B2-B617-5571-E88F-5811592F34C6}") = "GearGolf_Final", "Assembly-UnityScript-firstpass.unityproj", "{EFFCC1AA-475B-0796-3930-638C82F96CC0}"
EndProject
Project("{3D8761B2-B617-5571-E88F-5811592F34C6}") = "GearGolf_Final", "Assembly-UnityScript.unityproj", "{329F0A27-5A12-122E-C475-823121717067}"
EndProject
Global
	GlobalSection(SolutionConfigurationPlatforms) = preSolution
		Debug|Any CPU = Debug|Any CPU
		Release|Any CPU = Release|Any CPU
	EndGlobalSection
	GlobalSection(ProjectConfigurationPlatforms) = postSolution
		{A3E56CCC-DDC6-FF41-AF8B-AC63080B6032}.Debug|Any CPU.ActiveCfg = Debug|Any CPU
		{A3E56CCC-DDC6-FF41-AF8B-AC63080B6032}.Debug|Any CPU.Build.0 = Debug|Any CPU
		{A3E56CCC-DDC6-FF41-AF8B-AC63080B6032}.Release|Any CPU.ActiveCfg = Release|Any CPU
		{A3E56CCC-DDC6-FF41-AF8B-AC63080B6032}.Release|Any CPU.Build.0 = Release|Any CPU
		{ECDF1EC5-E515-79F1-2EC0-BA15CD5A5843}.Debug|Any CPU.ActiveCfg = Debug|Any CPU
		{ECDF1EC5-E515-79F1-2EC0-BA15CD5A5843}.Debug|Any CPU.Build.0 = Debug|Any CPU
		{ECDF1EC5-E515-79F1-2EC0-BA15CD5A5843}.Release|Any CPU.ActiveCfg = Release|Any CPU
		{ECDF1EC5-E515-79F1-2EC0-BA15CD5A5843}.Release|Any CPU.Build.0 = Release|Any CPU
		{96233ABA-217B-89E8-038B-D0A5B6FC917F}.Debug|Any CPU.ActiveCfg = Debug|Any CPU
		{96233ABA-217B-89E8-038B-D0A5B6FC917F}.Debug|Any CPU.Build.0 = Debug|Any CPU
		{96233ABA-217B-89E8-038B-D0A5B6FC917F}.Release|Any CPU.ActiveCfg = Release|Any CPU
		{96233ABA-217B-89E8-038B-D0A5B6FC917F}.Release|Any CPU.Build.0 = Release|Any CPU
		{EFFCC1AA-475B-0796-3930-638C82F96CC0}.Debug|Any CPU.ActiveCfg = Debug|Any CPU
		{EFFCC1AA-475B-0796-3930-638C82F96CC0}.Debug|Any CPU.Build.0 = Debug|Any CPU
		{EFFCC1AA-475B-0796-3930-638C82F96CC0}.Release|Any CPU.ActiveCfg = Release|Any CPU
		{EFFCC1AA-475B-0796-3930-638C82F96CC0}.Release|Any CPU.Build.0 = Release|Any CPU
		{329F0A27-5A12-122E-C475-823121717067}.Debug|Any CPU.ActiveCfg = Debug|Any CPU
		{329F0A27-5A12-122E-C475-823121717067}.Debug|Any CPU.Build.0 = Debug|Any CPU
		{329F0A27-5A12-122E-C475-823121717067}.Release|Any CPU.ActiveCfg = Release|Any CPU
		{329F0A27-5A12-122E-C475-823121717067}.Release|Any CPU.Build.0 = Release|Any CPU
	EndGlobalSection
	GlobalSection(SolutionProperties) = preSolution
		HideSolutionNode = FALSE
	EndGlobalSection
			GlobalSection(MonoDevelopProperties) = preSolution
		StartupItem = Assembly-CSharp.csproj
		Policies = $0
		$0.TextStylePolicy = $1
		$1.inheritsSet = null
		$1.scope = text/x-csharp
		$0.CSharpFormattingPolicy = $2
		$2.inheritsSet = Mono
		$2.inheritsScope = text/x-csharp
		$2.scope = text/x-csharp
		$0.TextStylePolicy = $3
		$3.FileWidth = 120
		$3.TabWidth = 4
		$3.IndentWidth = 4
		$3.EolMarker = Unix
		$3.inheritsSet = Mono
		$3.inheritsScope = text/plain
		$3.scope = text/plain
	EndGlobalSection

EndGlobal
