Microsoft Visual Studio Solution File, Format Version 11.00
# Visual Studio 2008

Project("{97C1DE63-045F-9B4F-9904-64816948E778}") = "GearGolf2", "Assembly-CSharp-firstpass.csproj", "{2AF11566-914A-4987-6CB3-3DCA87F8BED0}"
EndProject
Project("{97C1DE63-045F-9B4F-9904-64816948E778}") = "GearGolf2", "Assembly-CSharp.csproj", "{752FDA02-905A-B835-2986-4081778CA1D6}"
EndProject
Project("{97C1DE63-045F-9B4F-9904-64816948E778}") = "GearGolf2", "Assembly-CSharp-Editor.csproj", "{A18F1CA8-2F32-788B-B4E2-42A97189F5E9}"
EndProject
Project("{97C1DE63-045F-9B4F-9904-64816948E778}") = "GearGolf2", "Assembly-UnityScript-firstpass.unityproj", "{8D649945-936B-EF0A-5AA0-6E38F4616C54}"
EndProject
Project("{97C1DE63-045F-9B4F-9904-64816948E778}") = "GearGolf2", "Assembly-UnityScript.unityproj", "{E437B371-1073-9F3B-7BC7-0796548D3158}"
EndProject
Global
	GlobalSection(SolutionConfigurationPlatforms) = preSolution
		Debug|Any CPU = Debug|Any CPU
		Release|Any CPU = Release|Any CPU
	EndGlobalSection
	GlobalSection(ProjectConfigurationPlatforms) = postSolution
		{2AF11566-914A-4987-6CB3-3DCA87F8BED0}.Debug|Any CPU.ActiveCfg = Debug|Any CPU
		{2AF11566-914A-4987-6CB3-3DCA87F8BED0}.Debug|Any CPU.Build.0 = Debug|Any CPU
		{2AF11566-914A-4987-6CB3-3DCA87F8BED0}.Release|Any CPU.ActiveCfg = Release|Any CPU
		{2AF11566-914A-4987-6CB3-3DCA87F8BED0}.Release|Any CPU.Build.0 = Release|Any CPU
		{752FDA02-905A-B835-2986-4081778CA1D6}.Debug|Any CPU.ActiveCfg = Debug|Any CPU
		{752FDA02-905A-B835-2986-4081778CA1D6}.Debug|Any CPU.Build.0 = Debug|Any CPU
		{752FDA02-905A-B835-2986-4081778CA1D6}.Release|Any CPU.ActiveCfg = Release|Any CPU
		{752FDA02-905A-B835-2986-4081778CA1D6}.Release|Any CPU.Build.0 = Release|Any CPU
		{A18F1CA8-2F32-788B-B4E2-42A97189F5E9}.Debug|Any CPU.ActiveCfg = Debug|Any CPU
		{A18F1CA8-2F32-788B-B4E2-42A97189F5E9}.Debug|Any CPU.Build.0 = Debug|Any CPU
		{A18F1CA8-2F32-788B-B4E2-42A97189F5E9}.Release|Any CPU.ActiveCfg = Release|Any CPU
		{A18F1CA8-2F32-788B-B4E2-42A97189F5E9}.Release|Any CPU.Build.0 = Release|Any CPU
		{8D649945-936B-EF0A-5AA0-6E38F4616C54}.Debug|Any CPU.ActiveCfg = Debug|Any CPU
		{8D649945-936B-EF0A-5AA0-6E38F4616C54}.Debug|Any CPU.Build.0 = Debug|Any CPU
		{8D649945-936B-EF0A-5AA0-6E38F4616C54}.Release|Any CPU.ActiveCfg = Release|Any CPU
		{8D649945-936B-EF0A-5AA0-6E38F4616C54}.Release|Any CPU.Build.0 = Release|Any CPU
		{E437B371-1073-9F3B-7BC7-0796548D3158}.Debug|Any CPU.ActiveCfg = Debug|Any CPU
		{E437B371-1073-9F3B-7BC7-0796548D3158}.Debug|Any CPU.Build.0 = Debug|Any CPU
		{E437B371-1073-9F3B-7BC7-0796548D3158}.Release|Any CPU.ActiveCfg = Release|Any CPU
		{E437B371-1073-9F3B-7BC7-0796548D3158}.Release|Any CPU.Build.0 = Release|Any CPU
	EndGlobalSection
	GlobalSection(SolutionProperties) = preSolution
		HideSolutionNode = FALSE
	EndGlobalSection
						GlobalSection(MonoDevelopProperties) = preSolution
		StartupItem = Assembly-CSharp.csproj
		Policies = $0
		$0.TextStylePolicy = $1
		$1.inheritsSet = null
		$1.scope = text/x-csharp
		$0.CSharpFormattingPolicy = $2
		$2.inheritsSet = Mono
		$2.inheritsScope = text/x-csharp
		$2.scope = text/x-csharp
		$0.TextStylePolicy = $3
		$3.FileWidth = 120
		$3.TabWidth = 4
		$3.EolMarker = Unix
		$3.inheritsSet = Mono
		$3.inheritsScope = text/plain
		$3.scope = text/plain
	EndGlobalSection

EndGlobal
